{
  "originHash" : "bac0b420d085b8baf1790af8a04fba783cb4b8ce23c0a613d2e33b6e91d3f6a1",
  "pins" : [
    {
      "identity" : "sandboxserver",
      "kind" : "remoteSourceControl",
      "location" : "https://github.com/xinghelee/SandboxServer.git",
      "state" : {
        "revision" : "42ef6b8bac3a6cd18c1e192e58d96443abca67ae",
        "version" : "0.1.0"
      }
    }
  ],
  "version" : 3
}
